<?xml version="1.0" encoding="utf-8"?>
<Project ToolsVersion="4.0" xmlns="http://schemas.microsoft.com/developer/msbuild/2003">
  <ItemGroup>
    <ClCompile Include="fbxloader.cpp" />
    <ClCompile Include="main.cpp" />
    <ClCompile Include="tinyobjloader.cpp" />
    <ClCompile Include="Lighting.cpp" />
    <ClCompile Include="Phyengine.cpp" />
    <ClCompile Include="GUI\imgui.cpp">
      <Filter>GUI</Filter>
    </ClCompile>
    <ClCompile Include="GUI\imgui_demo.cpp">
      <Filter>GUI</Filter>
    </ClCompile>
    <ClCompile Include="GUI\imgui_draw.cpp">
      <Filter>GUI</Filter>
    </ClCompile>
    <ClCompile Include="GUI\imgui_impl_glfw.cpp">
      <Filter>GUI</Filter>
    </ClCompile>
  </ItemGroup>
  <ItemGroup>
    <ClInclude Include="fbxloader.h" />
    <ClInclude Include="Lighting.h" />
    <ClInclude Include="Phyengine.h" />
    <ClInclude Include="GUI\imconfig.h">
      <Filter>GUI</Filter>
    </ClInclude>
    <ClInclude Include="GUI\imgui.h">
      <Filter>GUI</Filter>
    </ClInclude>
    <ClInclude Include="GUI\imgui_internal.h">
      <Filter>GUI</Filter>
    </ClInclude>
    <ClInclude Include="GUI\stb_rect_pack.h">
      <Filter>GUI</Filter>
    </ClInclude>
    <ClInclude Include="GUI\stb_textedit.h">
      <Filter>GUI</Filter>
    </ClInclude>
    <ClInclude Include="GUI\stb_truetype.h">
      <Filter>GUI</Filter>
    </ClInclude>
    <ClInclude Include="GUI\imgui_impl_glfw.h">
      <Filter>GUI</Filter>
    </ClInclude>
  </ItemGroup>
  <ItemGroup>
    <None Include="ShaderSource\black.fs.glsl">
      <Filter>Shader</Filter>
    </None>
    <None Include="ShaderSource\black.vs.glsl">
      <Filter>Shader</Filter>
    </None>
    <None Include="ShaderSource\bloom.fs.glsl">
      <Filter>Shader</Filter>
    </None>
    <None Include="ShaderSource\bloom.vs.glsl">
      <Filter>Shader</Filter>
    </None>
    <None Include="ShaderSource\depth.fs.glsl">
      <Filter>Shader</Filter>
    </None>
    <None Include="ShaderSource\depth.vs.glsl">
      <Filter>Shader</Filter>
    </None>
    <None Include="ShaderSource\fragment.fs.glsl">
      <Filter>Shader</Filter>
    </None>
    <None Include="ShaderSource\framebuffer.fs.glsl">
      <Filter>Shader</Filter>
    </None>
    <None Include="ShaderSource\framebuffer.vs.glsl">
      <Filter>Shader</Filter>
    </None>
    <None Include="ShaderSource\skybox.fs.glsl">
      <Filter>Shader</Filter>
    </None>
    <None Include="ShaderSource\skybox.vs.glsl">
      <Filter>Shader</Filter>
    </None>
    <None Include="ShaderSource\vertex.vs.glsl">
      <Filter>Shader</Filter>
    </None>
    <None Include="ShaderSource\water.fs.glsl">
      <Filter>Shader</Filter>
    </None>
    <None Include="ShaderSource\water.vs.glsl">
      <Filter>Shader</Filter>
    </None>
  </ItemGroup>
  <ItemGroup>
    <Filter Include="GUI">
      <UniqueIdentifier>{3ceacc90-58c7-4dec-8615-dca45c60de4b}</UniqueIdentifier>
    </Filter>
    <Filter Include="Shader">
      <UniqueIdentifier>{54240d20-0c68-4bf4-bdb3-b5cc91ab80c8}</UniqueIdentifier>
    </Filter>
  </ItemGroup>
</Project>