<?xml version="1.0" encoding="utf-8"?>
<Project ToolsVersion="4.0" xmlns="http://schemas.microsoft.com/developer/msbuild/2003">
  <ItemGroup>
    <ClCompile Include="fbxloader.cpp" />
    <ClCompile Include="main.cpp" />
    <ClCompile Include="tinyobjloader.cpp" />
    <ClCompile Include="Lighting.cpp" />
    <ClCompile Include="Phyengine.cpp" />
  </ItemGroup>
  <ItemGroup>
    <ClInclude Include="fbxloader.h" />
    <ClInclude Include="Lighting.h" />
    <ClInclude Include="Phyengine.h" />
  </ItemGroup>
  <ItemGroup>
    <None Include="ShaderSource\depth.fs.glsl" />
    <None Include="ShaderSource\depth.vs.glsl" />
    <None Include="ShaderSource\fragment.fs.glsl" />
    <None Include="ShaderSource\framebuffer.fs.glsl" />
    <None Include="ShaderSource\framebuffer.vs.glsl" />
    <None Include="ShaderSource\skybox.fs.glsl" />
    <None Include="ShaderSource\skybox.vs.glsl" />
    <None Include="ShaderSource\vertex.vs.glsl" />
    <None Include="ShaderSource\water.fs.glsl" />
    <None Include="ShaderSource\water.vs.glsl" />
  </ItemGroup>
</Project>